
Microsoft Visual Studio Solution File, Format Version 12.00
# Visual Studio Version 17
VisualStudioVersion = 17.8.34511.84
MinimumVisualStudioVersion = 10.0.40219.1
Project("{9A19103F-16F7-4668-BE54-9A1E7A4F7556}") = "TestCallerArgumentExpressionOut", "TestCallerArgumentExpressionOut\TestCallerArgumentExpressionOut.csproj", "{FC97728A-5D23-4699-890A-445538C6998A}"
EndProject
Global
	GlobalSection(SolutionConfigurationPlatforms) = preSolution
		Debug|Any CPU = Debug|Any CPU
		Release|Any CPU = Release|Any CPU
	EndGlobalSection
	GlobalSection(ProjectConfigurationPlatforms) = postSolution
		{FC97728A-5D23-4699-890A-445538C6998A}.Debug|Any CPU.ActiveCfg = Debug|Any CPU
		{FC97728A-5D23-4699-890A-445538C6998A}.Debug|Any CPU.Build.0 = Debug|Any CPU
		{FC97728A-5D23-4699-890A-445538C6998A}.Release|Any CPU.ActiveCfg = Release|Any CPU
		{FC97728A-5D23-4699-890A-445538C6998A}.Release|Any CPU.Build.0 = Release|Any CPU
	EndGlobalSection
	GlobalSection(SolutionProperties) = preSolution
		HideSolutionNode = FALSE
	EndGlobalSection
	GlobalSection(ExtensibilityGlobals) = postSolution
		SolutionGuid = {4DF89041-F936-44CF-A7E7-C2D69D3E0122}
	EndGlobalSection
EndGlobal
